
Microsoft Visual Studio Solution File, Format Version 12.00
# Visual Studio Version 17
VisualStudioVersion = 17.9.34728.123
MinimumVisualStudioVersion = 10.0.40219.1
Project("{9A19103F-16F7-4668-BE54-9A1E7A4F7556}") = "ColmadoApp", "ColmadoApp.csproj", "{CCE5F72A-15BF-4011-8035-6AD205736C43}"
EndProject
Global
	GlobalSection(SolutionConfigurationPlatforms) = preSolution
		Debug|Any CPU = Debug|Any CPU
		Release|Any CPU = Release|Any CPU
	EndGlobalSection
	GlobalSection(ProjectConfigurationPlatforms) = postSolution
		{CCE5F72A-15BF-4011-8035-6AD205736C43}.Debug|Any CPU.ActiveCfg = Debug|Any CPU
		{CCE5F72A-15BF-4011-8035-6AD205736C43}.Debug|Any CPU.Build.0 = Debug|Any CPU
		{CCE5F72A-15BF-4011-8035-6AD205736C43}.Release|Any CPU.ActiveCfg = Release|Any CPU
		{CCE5F72A-15BF-4011-8035-6AD205736C43}.Release|Any CPU.Build.0 = Release|Any CPU
	EndGlobalSection
	GlobalSection(SolutionProperties) = preSolution
		HideSolutionNode = FALSE
	EndGlobalSection
	GlobalSection(ExtensibilityGlobals) = postSolution
		SolutionGuid = {57919E15-517B-4A1C-B0E0-0E9DDCB88B60}
	EndGlobalSection
EndGlobal
